
Microsoft Visual Studio Solution File, Format Version 12.00
# Visual Studio Version 17
VisualStudioVersion = 17.14.36109.1 d17.14
MinimumVisualStudioVersion = 10.0.40219.1
Project("{FAE04EC0-301F-11D3-BF4B-00C04F79EFBC}") = "kruskal", "kruskal\kruskal.csproj", "{5EB42791-283F-45D7-AE55-88DE5F0B572F}"
EndProject
Global
	GlobalSection(SolutionConfigurationPlatforms) = preSolution
		Debug|Any CPU = Debug|Any CPU
		Release|Any CPU = Release|Any CPU
	EndGlobalSection
	GlobalSection(ProjectConfigurationPlatforms) = postSolution
		{5EB42791-283F-45D7-AE55-88DE5F0B572F}.Debug|Any CPU.ActiveCfg = Debug|Any CPU
		{5EB42791-283F-45D7-AE55-88DE5F0B572F}.Debug|Any CPU.Build.0 = Debug|Any CPU
		{5EB42791-283F-45D7-AE55-88DE5F0B572F}.Release|Any CPU.ActiveCfg = Release|Any CPU
		{5EB42791-283F-45D7-AE55-88DE5F0B572F}.Release|Any CPU.Build.0 = Release|Any CPU
	EndGlobalSection
	GlobalSection(SolutionProperties) = preSolution
		HideSolutionNode = FALSE
	EndGlobalSection
	GlobalSection(ExtensibilityGlobals) = postSolution
		SolutionGuid = {ECA34EDB-DAAF-41A3-95D6-8AD76C08AD3C}
	EndGlobalSection
EndGlobal
